
Microsoft Visual Studio Solution File, Format Version 12.00
# Visual Studio Version 17
VisualStudioVersion = 17.5.33502.453
MinimumVisualStudioVersion = 10.0.40219.1
Project("{2150E333-8FDC-42A3-9474-1A3956D46DE8}") = "DAL", "DAL", "{372887A5-385F-41F0-A86C-92B031A12F1F}"
EndProject
Project("{2150E333-8FDC-42A3-9474-1A3956D46DE8}") = "Presentation", "Presentation", "{44698557-1CBB-411C-AB07-0C21CB474A35}"
EndProject
Project("{2150E333-8FDC-42A3-9474-1A3956D46DE8}") = "Application", "Application", "{ED47AE5C-8394-4635-A814-B5018367E398}"
EndProject
Project("{9A19103F-16F7-4668-BE54-9A1E7A4F7556}") = "TicTacToeWebApi", "TicTacToeWebApi.Presentation\TicTacToeWebApi.csproj", "{0200612F-24B6-4276-AF8E-E1754581DAD8}"
EndProject
Project("{9A19103F-16F7-4668-BE54-9A1E7A4F7556}") = "TicTacToeWebApi.Domain", "TicTacToeWebApi.Domain\TicTacToeWebApi.Domain.csproj", "{B6F87471-17B7-40FB-9F4F-0EABDEE05E64}"
EndProject
Project("{9A19103F-16F7-4668-BE54-9A1E7A4F7556}") = "TicTacToeWebApi.Service", "TicTacToeWebApi.Service\TicTacToeWebApi.Service.csproj", "{00B4259E-19B0-4F39-A266-823E80110D87}"
EndProject
Project("{9A19103F-16F7-4668-BE54-9A1E7A4F7556}") = "TicTacToeWebApi.DAL", "TicTacToeWebApi.DAL\TicTacToeWebApi.DAL.csproj", "{1CF92D0C-5721-4248-9A89-8D26F51EB688}"
EndProject
Global
	GlobalSection(SolutionConfigurationPlatforms) = preSolution
		Debug|Any CPU = Debug|Any CPU
		Release|Any CPU = Release|Any CPU
	EndGlobalSection
	GlobalSection(ProjectConfigurationPlatforms) = postSolution
		{0200612F-24B6-4276-AF8E-E1754581DAD8}.Debug|Any CPU.ActiveCfg = Debug|Any CPU
		{0200612F-24B6-4276-AF8E-E1754581DAD8}.Debug|Any CPU.Build.0 = Debug|Any CPU
		{0200612F-24B6-4276-AF8E-E1754581DAD8}.Release|Any CPU.ActiveCfg = Release|Any CPU
		{0200612F-24B6-4276-AF8E-E1754581DAD8}.Release|Any CPU.Build.0 = Release|Any CPU
		{B6F87471-17B7-40FB-9F4F-0EABDEE05E64}.Debug|Any CPU.ActiveCfg = Debug|Any CPU
		{B6F87471-17B7-40FB-9F4F-0EABDEE05E64}.Debug|Any CPU.Build.0 = Debug|Any CPU
		{B6F87471-17B7-40FB-9F4F-0EABDEE05E64}.Release|Any CPU.ActiveCfg = Release|Any CPU
		{B6F87471-17B7-40FB-9F4F-0EABDEE05E64}.Release|Any CPU.Build.0 = Release|Any CPU
		{00B4259E-19B0-4F39-A266-823E80110D87}.Debug|Any CPU.ActiveCfg = Debug|Any CPU
		{00B4259E-19B0-4F39-A266-823E80110D87}.Debug|Any CPU.Build.0 = Debug|Any CPU
		{00B4259E-19B0-4F39-A266-823E80110D87}.Release|Any CPU.ActiveCfg = Release|Any CPU
		{00B4259E-19B0-4F39-A266-823E80110D87}.Release|Any CPU.Build.0 = Release|Any CPU
		{1CF92D0C-5721-4248-9A89-8D26F51EB688}.Debug|Any CPU.ActiveCfg = Debug|Any CPU
		{1CF92D0C-5721-4248-9A89-8D26F51EB688}.Debug|Any CPU.Build.0 = Debug|Any CPU
		{1CF92D0C-5721-4248-9A89-8D26F51EB688}.Release|Any CPU.ActiveCfg = Release|Any CPU
		{1CF92D0C-5721-4248-9A89-8D26F51EB688}.Release|Any CPU.Build.0 = Release|Any CPU
	EndGlobalSection
	GlobalSection(SolutionProperties) = preSolution
		HideSolutionNode = FALSE
	EndGlobalSection
	GlobalSection(NestedProjects) = preSolution
		{0200612F-24B6-4276-AF8E-E1754581DAD8} = {44698557-1CBB-411C-AB07-0C21CB474A35}
		{B6F87471-17B7-40FB-9F4F-0EABDEE05E64} = {ED47AE5C-8394-4635-A814-B5018367E398}
		{00B4259E-19B0-4F39-A266-823E80110D87} = {ED47AE5C-8394-4635-A814-B5018367E398}
		{1CF92D0C-5721-4248-9A89-8D26F51EB688} = {372887A5-385F-41F0-A86C-92B031A12F1F}
	EndGlobalSection
	GlobalSection(ExtensibilityGlobals) = postSolution
		SolutionGuid = {28C15EAB-2D4C-40F3-BD35-AC139AC7BE37}
	EndGlobalSection
EndGlobal
